// !$*UTF8*$!
{
	archiveVersion = 1;
	classes = {
	};
	objectVersion = 50;
	objects = {

/* Begin PBXBuildFile section */
		552C8F27242349EB00B28E82 /* CustomLayout.swift in Sources */ = {isa = PBXBuildFile; fileRef = 552C8F26242349EB00B28E82 /* CustomLayout.swift */; };
		552C8F2924234A2B00B28E82 /* CustomCollectionViewCell.swift in Sources */ = {isa = PBXBuildFile; fileRef = 552C8F2824234A2B00B28E82 /* CustomCollectionViewCell.swift */; };
		552C8F2B24236A3900B28E82 /* Utilities.swift in Sources */ = {isa = PBXBuildFile; fileRef = 552C8F2A24236A3900B28E82 /* Utilities.swift */; };
		55495940242CD4AC0001BF7F /* ConfigurationViewController.swift in Sources */ = {isa = PBXBuildFile; fileRef = 5549593F242CD4AC0001BF7F /* ConfigurationViewController.swift */; };
		555F50572422485700AD64B3 /* AppDelegate.swift in Sources */ = {isa = PBXBuildFile; fileRef = 555F50562422485700AD64B3 /* AppDelegate.swift */; };
		555F50592422485700AD64B3 /* SceneDelegate.swift in Sources */ = {isa = PBXBuildFile; fileRef = 555F50582422485700AD64B3 /* SceneDelegate.swift */; };
		555F505B2422485700AD64B3 /* CustomCollectionViewController.swift in Sources */ = {isa = PBXBuildFile; fileRef = 555F505A2422485700AD64B3 /* CustomCollectionViewController.swift */; };
		555F505E2422485700AD64B3 /* Main.storyboard in Resources */ = {isa = PBXBuildFile; fileRef = 555F505C2422485700AD64B3 /* Main.storyboard */; };
		555F50602422485800AD64B3 /* Assets.xcassets in Resources */ = {isa = PBXBuildFile; fileRef = 555F505F2422485800AD64B3 /* Assets.xcassets */; };
		555F50632422485800AD64B3 /* LaunchScreen.storyboard in Resources */ = {isa = PBXBuildFile; fileRef = 555F50612422485800AD64B3 /* LaunchScreen.storyboard */; };
/* End PBXBuildFile section */

/* Begin PBXFileReference section */
		552C8F26242349EB00B28E82 /* CustomLayout.swift */ = {isa = PBXFileReference; lastKnownFileType = sourcecode.swift; path = CustomLayout.swift; sourceTree = "<group>"; };
		552C8F2824234A2B00B28E82 /* CustomCollectionViewCell.swift */ = {isa = PBXFileReference; lastKnownFileType = sourcecode.swift; path = CustomCollectionViewCell.swift; sourceTree = "<group>"; };
		552C8F2A24236A3900B28E82 /* Utilities.swift */ = {isa = PBXFileReference; lastKnownFileType = sourcecode.swift; path = Utilities.swift; sourceTree = "<group>"; };
		5549593F242CD4AC0001BF7F /* ConfigurationViewController.swift */ = {isa = PBXFileReference; lastKnownFileType = sourcecode.swift; path = ConfigurationViewController.swift; sourceTree = "<group>"; };
		555F50532422485700AD64B3 /* CollectionViewExercise.app */ = {isa = PBXFileReference; explicitFileType = wrapper.application; includeInIndex = 0; path = CollectionViewExercise.app; sourceTree = BUILT_PRODUCTS_DIR; };
		555F50562422485700AD64B3 /* AppDelegate.swift */ = {isa = PBXFileReference; lastKnownFileType = sourcecode.swift; path = AppDelegate.swift; sourceTree = "<group>"; };
		555F50582422485700AD64B3 /* SceneDelegate.swift */ = {isa = PBXFileReference; lastKnownFileType = sourcecode.swift; path = SceneDelegate.swift; sourceTree = "<group>"; };
		555F505A2422485700AD64B3 /* CustomCollectionViewController.swift */ = {isa = PBXFileReference; lastKnownFileType = sourcecode.swift; path = CustomCollectionViewController.swift; sourceTree = "<group>"; };
		555F505D2422485700AD64B3 /* Base */ = {isa = PBXFileReference; lastKnownFileType = file.storyboard; name = Base; path = Base.lproj/Main.storyboard; sourceTree = "<group>"; };
		555F505F2422485800AD64B3 /* Assets.xcassets */ = {isa = PBXFileReference; lastKnownFileType = folder.assetcatalog; path = Assets.xcassets; sourceTree = "<group>"; };
		555F50622422485800AD64B3 /* Base */ = {isa = PBXFileReference; lastKnownFileType = file.storyboard; name = Base; path = Base.lproj/LaunchScreen.storyboard; sourceTree = "<group>"; };
		555F50642422485800AD64B3 /* Info.plist */ = {isa = PBXFileReference; lastKnownFileType = text.plist.xml; path = Info.plist; sourceTree = "<group>"; };
/* End PBXFileReference section */

/* Begin PBXFrameworksBuildPhase section */
		555F50502422485700AD64B3 /* Frameworks */ = {
			isa = PBXFrameworksBuildPhase;
			buildActionMask = 2147483647;
			files = (
			);
			runOnlyForDeploymentPostprocessing = 0;
		};
/* End PBXFrameworksBuildPhase section */

/* Begin PBXGroup section */
		555F504A2422485700AD64B3 = {
			isa = PBXGroup;
			children = (
				555F50552422485700AD64B3 /* CollectionViewExercise */,
				555F50542422485700AD64B3 /* Products */,
			);
			sourceTree = "<group>";
		};
		555F50542422485700AD64B3 /* Products */ = {
			isa = PBXGroup;
			children = (
				555F50532422485700AD64B3 /* CollectionViewExercise.app */,
			);
			name = Products;
			sourceTree = "<group>";
		};
		555F50552422485700AD64B3 /* CollectionViewExercise */ = {
			isa = PBXGroup;
			children = (
				55E4F6DE242DF02D003782D0 /* Controllers */,
				555F506A2422486400AD64B3 /* Supporting Files */,
				555F505C2422485700AD64B3 /* Main.storyboard */,
				555F50642422485800AD64B3 /* Info.plist */,
				552C8F26242349EB00B28E82 /* CustomLayout.swift */,
				552C8F2A24236A3900B28E82 /* Utilities.swift */,
			);
			path = CollectionViewExercise;
			sourceTree = "<group>";
		};
		555F506A2422486400AD64B3 /* Supporting Files */ = {
			isa = PBXGroup;
			children = (
				555F50562422485700AD64B3 /* AppDelegate.swift */,
				555F50582422485700AD64B3 /* SceneDelegate.swift */,
				555F505F2422485800AD64B3 /* Assets.xcassets */,
				555F50612422485800AD64B3 /* LaunchScreen.storyboard */,
			);
			path = "Supporting Files";
			sourceTree = "<group>";
		};
		55E4F6DE242DF02D003782D0 /* Controllers */ = {
			isa = PBXGroup;
			children = (
				555F505A2422485700AD64B3 /* CustomCollectionViewController.swift */,
				552C8F2824234A2B00B28E82 /* CustomCollectionViewCell.swift */,
				5549593F242CD4AC0001BF7F /* ConfigurationViewController.swift */,
			);
			path = Controllers;
			sourceTree = "<group>";
		};
/* End PBXGroup section */

/* Begin PBXNativeTarget section */
		555F50522422485700AD64B3 /* CollectionViewExercise */ = {
			isa = PBXNativeTarget;
			buildConfigurationList = 555F50672422485800AD64B3 /* Build configuration list for PBXNativeTarget "CollectionViewExercise" */;
			buildPhases = (
				555F504F2422485700AD64B3 /* Sources */,
				555F50502422485700AD64B3 /* Frameworks */,
				555F50512422485700AD64B3 /* Resources */,
			);
			buildRules = (
			);
			dependencies = (
			);
			name = CollectionViewExercise;
			productName = CollectionViewExercise;
			productReference = 555F50532422485700AD64B3 /* CollectionViewExercise.app */;
			productType = "com.apple.product-type.application";
		};
/* End PBXNativeTarget section */

/* Begin PBXProject section */
		555F504B2422485700AD64B3 /* Project object */ = {
			isa = PBXProject;
			attributes = {
				LastSwiftUpdateCheck = 1130;
				LastUpgradeCheck = 1130;
				ORGANIZATIONNAME = "Himalaya Rajput";
				TargetAttributes = {
					555F50522422485700AD64B3 = {
						CreatedOnToolsVersion = 11.3;
					};
				};
			};
			buildConfigurationList = 555F504E2422485700AD64B3 /* Build configuration list for PBXProject "CollectionViewExercise" */;
			compatibilityVersion = "Xcode 9.3";
			developmentRegion = en;
			hasScannedForEncodings = 0;
			knownRegions = (
				en,
				Base,
			);
			mainGroup = 555F504A2422485700AD64B3;
			productRefGroup = 555F50542422485700AD64B3 /* Products */;
			projectDirPath = "";
			projectRoot = "";
			targets = (
				555F50522422485700AD64B3 /* CollectionViewExercise */,
			);
		};
/* End PBXProject section */

/* Begin PBXResourcesBuildPhase section */
		555F50512422485700AD64B3 /* Resources */ = {
			isa = PBXResourcesBuildPhase;
			buildActionMask = 2147483647;
			files = (
				555F50632422485800AD64B3 /* LaunchScreen.storyboard in Resources */,
				555F50602422485800AD64B3 /* Assets.xcassets in Resources */,
				555F505E2422485700AD64B3 /* Main.storyboard in Resources */,
			);
			runOnlyForDeploymentPostprocessing = 0;
		};
/* End PBXResourcesBuildPhase section */

/* Begin PBXSourcesBuildPhase section */
		555F504F2422485700AD64B3 /* Sources */ = {
			isa = PBXSourcesBuildPhase;
			buildActionMask = 2147483647;
			files = (
				552C8F2B24236A3900B28E82 /* Utilities.swift in Sources */,
				555F505B2422485700AD64B3 /* CustomCollectionViewController.swift in Sources */,
				552C8F2924234A2B00B28E82 /* CustomCollectionViewCell.swift in Sources */,
				555F50572422485700AD64B3 /* AppDelegate.swift in Sources */,
				55495940242CD4AC0001BF7F /* ConfigurationViewController.swift in Sources */,
				552C8F27242349EB00B28E82 /* CustomLayout.swift in Sources */,
				555F50592422485700AD64B3 /* SceneDelegate.swift in Sources */,
			);
			runOnlyForDeploymentPostprocessing = 0;
		};
/* End PBXSourcesBuildPhase section */

/* Begin PBXVariantGroup section */
		555F505C2422485700AD64B3 /* Main.storyboard */ = {
			isa = PBXVariantGroup;
			children = (
				555F505D2422485700AD64B3 /* Base */,
			);
			name = Main.storyboard;
			sourceTree = "<group>";
		};
		555F50612422485800AD64B3 /* LaunchScreen.storyboard */ = {
			isa = PBXVariantGroup;
			children = (
				555F50622422485800AD64B3 /* Base */,
			);
			name = LaunchScreen.storyboard;
			sourceTree = "<group>";
		};
/* End PBXVariantGroup section */

/* Begin XCBuildConfiguration section */
		555F50652422485800AD64B3 /* Debug */ = {
			isa = XCBuildConfiguration;
			buildSettings = {
				ALWAYS_SEARCH_USER_PATHS = NO;
				CLANG_ANALYZER_NONNULL = YES;
				CLANG_ANALYZER_NUMBER_OBJECT_CONVERSION = YES_AGGRESSIVE;
				CLANG_CXX_LANGUAGE_STANDARD = "gnu++14";
				CLANG_CXX_LIBRARY = "libc++";
				CLANG_ENABLE_MODULES = YES;
				CLANG_ENABLE_OBJC_ARC = YES;
				CLANG_ENABLE_OBJC_WEAK = YES;
				CLANG_WARN_BLOCK_CAPTURE_AUTORELEASING = YES;
				CLANG_WARN_BOOL_CONVERSION = YES;
				CLANG_WARN_COMMA = YES;
				CLANG_WARN_CONSTANT_CONVERSION = YES;
				CLANG_WARN_DEPRECATED_OBJC_IMPLEMENTATIONS = YES;
				CLANG_WARN_DIRECT_OBJC_ISA_USAGE = YES_ERROR;
				CLANG_WARN_DOCUMENTATION_COMMENTS = YES;
				CLANG_WARN_EMPTY_BODY = YES;
				CLANG_WARN_ENUM_CONVERSION = YES;
				CLANG_WARN_INFINITE_RECURSION = YES;
				CLANG_WARN_INT_CONVERSION = YES;
				CLANG_WARN_NON_LITERAL_NULL_CONVERSION = YES;
				CLANG_WARN_OBJC_IMPLICIT_RETAIN_SELF = YES;
				CLANG_WARN_OBJC_LITERAL_CONVERSION = YES;
				CLANG_WARN_OBJC_ROOT_CLASS = YES_ERROR;
				CLANG_WARN_RANGE_LOOP_ANALYSIS = YES;
				CLANG_WARN_STRICT_PROTOTYPES = YES;
				CLANG_WARN_SUSPICIOUS_MOVE = YES;
				CLANG_WARN_UNGUARDED_AVAILABILITY = YES_AGGRESSIVE;
				CLANG_WARN_UNREACHABLE_CODE = YES;
				CLANG_WARN__DUPLICATE_METHOD_MATCH = YES;
				COPY_PHASE_STRIP = NO;
				DEBUG_INFORMATION_FORMAT = dwarf;
				ENABLE_STRICT_OBJC_MSGSEND = YES;
				ENABLE_TESTABILITY = YES;
				GCC_C_LANGUAGE_STANDARD = gnu11;
				GCC_DYNAMIC_NO_PIC = NO;
				GCC_NO_COMMON_BLOCKS = YES;
				GCC_OPTIMIZATION_LEVEL = 0;
				GCC_PREPROCESSOR_DEFINITIONS = (
					"DEBUG=1",
					"$(inherited)",
				);
				GCC_WARN_64_TO_32_BIT_CONVERSION = YES;
				GCC_WARN_ABOUT_RETURN_TYPE = YES_ERROR;
				GCC_WARN_UNDECLARED_SELECTOR = YES;
				GCC_WARN_UNINITIALIZED_AUTOS = YES_AGGRESSIVE;
				GCC_WARN_UNUSED_FUNCTION = YES;
				GCC_WARN_UNUSED_VARIABLE = YES;
				IPHONEOS_DEPLOYMENT_TARGET = 13.2;
				MTL_ENABLE_DEBUG_INFO = INCLUDE_SOURCE;
				MTL_FAST_MATH = YES;
				ONLY_ACTIVE_ARCH = YES;
				SDKROOT = iphoneos;
				SWIFT_ACTIVE_COMPILATION_CONDITIONS = DEBUG;
				SWIFT_OPTIMIZATION_LEVEL = "-Onone";
			};
			name = Debug;
		};
		555F50662422485800AD64B3 /* Release */ = {
			isa = XCBuildConfiguration;
			buildSettings = {
				ALWAYS_SEARCH_USER_PATHS = NO;
				CLANG_ANALYZER_NONNULL = YES;
				CLANG_ANALYZER_NUMBER_OBJECT_CONVERSION = YES_AGGRESSIVE;
				CLANG_CXX_LANGUAGE_STANDARD = "gnu++14";
				CLANG_CXX_LIBRARY = "libc++";
				CLANG_ENABLE_MODULES = YES;
				CLANG_ENABLE_OBJC_ARC = YES;
				CLANG_ENABLE_OBJC_WEAK = YES;
				CLANG_WARN_BLOCK_CAPTURE_AUTORELEASING = YES;
				CLANG_WARN_BOOL_CONVERSION = YES;
				CLANG_WARN_COMMA = YES;
				CLANG_WARN_CONSTANT_CONVERSION = YES;
				CLANG_WARN_DEPRECATED_OBJC_IMPLEMENTATIONS = YES;
				CLANG_WARN_DIRECT_OBJC_ISA_USAGE = YES_ERROR;
				CLANG_WARN_DOCUMENTATION_COMMENTS = YES;
				CLANG_WARN_EMPTY_BODY = YES;
				CLANG_WARN_ENUM_CONVERSION = YES;
				CLANG_WARN_INFINITE_RECURSION = YES;
				CLANG_WARN_INT_CONVERSION = YES;
				CLANG_WARN_NON_LITERAL_NULL_CONVERSION = YES;
				CLANG_WARN_OBJC_IMPLICIT_RETAIN_SELF = YES;
				CLANG_WARN_OBJC_LITERAL_CONVERSION = YES;
				CLANG_WARN_OBJC_ROOT_CLASS = YES_ERROR;
				CLANG_WARN_RANGE_LOOP_ANALYSIS = YES;
				CLANG_WARN_STRICT_PROTOTYPES = YES;
				CLANG_WARN_SUSPICIOUS_MOVE = YES;
				CLANG_WARN_UNGUARDED_AVAILABILITY = YES_AGGRESSIVE;
				CLANG_WARN_UNREACHABLE_CODE = YES;
				CLANG_WARN__DUPLICATE_METHOD_MATCH = YES;
				COPY_PHASE_STRIP = NO;
				DEBUG_INFORMATION_FORMAT = "dwarf-with-dsym";
				ENABLE_NS_ASSERTIONS = NO;
				ENABLE_STRICT_OBJC_MSGSEND = YES;
				GCC_C_LANGUAGE_STANDARD = gnu11;
				GCC_NO_COMMON_BLOCKS = YES;
				GCC_WARN_64_TO_32_BIT_CONVERSION = YES;
				GCC_WARN_ABOUT_RETURN_TYPE = YES_ERROR;
				GCC_WARN_UNDECLARED_SELECTOR = YES;
				GCC_WARN_UNINITIALIZED_AUTOS = YES_AGGRESSIVE;
				GCC_WARN_UNUSED_FUNCTION = YES;
				GCC_WARN_UNUSED_VARIABLE = YES;
				IPHONEOS_DEPLOYMENT_TARGET = 13.2;
				MTL_ENABLE_DEBUG_INFO = NO;
				MTL_FAST_MATH = YES;
				SDKROOT = iphoneos;
				SWIFT_COMPILATION_MODE = wholemodule;
				SWIFT_OPTIMIZATION_LEVEL = "-O";
				VALIDATE_PRODUCT = YES;
			};
			name = Release;
		};
		555F50682422485800AD64B3 /* Debug */ = {
			isa = XCBuildConfiguration;
			buildSettings = {
				ASSETCATALOG_COMPILER_APPICON_NAME = AppIcon;
				CODE_SIGN_STYLE = Automatic;
				INFOPLIST_FILE = CollectionViewExercise/Info.plist;
				LD_RUNPATH_SEARCH_PATHS = (
					"$(inherited)",
					"@executable_path/Frameworks",
				);
				PRODUCT_BUNDLE_IDENTIFIER = vinsol.CollectionViewExercise;
				PRODUCT_NAME = "$(TARGET_NAME)";
				SWIFT_VERSION = 5.0;
				TARGETED_DEVICE_FAMILY = "1,2";
			};
			name = Debug;
		};
		555F50692422485800AD64B3 /* Release */ = {
			isa = XCBuildConfiguration;
			buildSettings = {
				ASSETCATALOG_COMPILER_APPICON_NAME = AppIcon;
				CODE_SIGN_STYLE = Automatic;
				INFOPLIST_FILE = CollectionViewExercise/Info.plist;
				LD_RUNPATH_SEARCH_PATHS = (
					"$(inherited)",
					"@executable_path/Frameworks",
				);
				PRODUCT_BUNDLE_IDENTIFIER = vinsol.CollectionViewExercise;
				PRODUCT_NAME = "$(TARGET_NAME)";
				SWIFT_VERSION = 5.0;
				TARGETED_DEVICE_FAMILY = "1,2";
			};
			name = Release;
		};
/* End XCBuildConfiguration section */

/* Begin XCConfigurationList section */
		555F504E2422485700AD64B3 /* Build configuration list for PBXProject "CollectionViewExercise" */ = {
			isa = XCConfigurationList;
			buildConfigurations = (
				555F50652422485800AD64B3 /* Debug */,
				555F50662422485800AD64B3 /* Release */,
			);
			defaultConfigurationIsVisible = 0;
			defaultConfigurationName = Release;
		};
		555F50672422485800AD64B3 /* Build configuration list for PBXNativeTarget "CollectionViewExercise" */ = {
			isa = XCConfigurationList;
			buildConfigurations = (
				555F50682422485800AD64B3 /* Debug */,
				555F50692422485800AD64B3 /* Release */,
			);
			defaultConfigurationIsVisible = 0;
			defaultConfigurationName = Release;
		};
/* End XCConfigurationList section */
	};
	rootObject = 555F504B2422485700AD64B3 /* Project object */;
}
