// !$*UTF8*$!
{
	archiveVersion = 1;
	classes = {
	};
	objectVersion = 51;
	objects = {

/* Begin PBXBuildFile section */
		40C92345C0C0FC019DCD6407 /* Pods_PhotoBrowser.framework in Frameworks */ = {isa = PBXBuildFile; fileRef = BC59E3A300BB5F7E13C9FBE3 /* Pods_PhotoBrowser.framework */; };
		554C9C0B241A75DE0047C8C3 /* PhotoManager.swift in Sources */ = {isa = PBXBuildFile; fileRef = 554C9C0A241A75DE0047C8C3 /* PhotoManager.swift */; };
		55609623241A489200A923D9 /* UserPhotosViewController.swift in Sources */ = {isa = PBXBuildFile; fileRef = 55609622241A489200A923D9 /* UserPhotosViewController.swift */; };
		55A139C2241272E3001352D0 /* AppDelegate.swift in Sources */ = {isa = PBXBuildFile; fileRef = 55A139C1241272E3001352D0 /* AppDelegate.swift */; };
		55A139C4241272E3001352D0 /* SceneDelegate.swift in Sources */ = {isa = PBXBuildFile; fileRef = 55A139C3241272E3001352D0 /* SceneDelegate.swift */; };
		55A139C6241272E3001352D0 /* PhotoViewController.swift in Sources */ = {isa = PBXBuildFile; fileRef = 55A139C5241272E3001352D0 /* PhotoViewController.swift */; };
		55A139C9241272E3001352D0 /* Main.storyboard in Resources */ = {isa = PBXBuildFile; fileRef = 55A139C7241272E3001352D0 /* Main.storyboard */; };
		55A139CB241272E4001352D0 /* Assets.xcassets in Resources */ = {isa = PBXBuildFile; fileRef = 55A139CA241272E4001352D0 /* Assets.xcassets */; };
		55A139CE241272E4001352D0 /* LaunchScreen.storyboard in Resources */ = {isa = PBXBuildFile; fileRef = 55A139CC241272E4001352D0 /* LaunchScreen.storyboard */; };
		55C68885241B6FC20090974D /* CustomCollectionViewCell.swift in Sources */ = {isa = PBXBuildFile; fileRef = 55C68884241B6FC20090974D /* CustomCollectionViewCell.swift */; };
/* End PBXBuildFile section */

/* Begin PBXFileReference section */
		554C9C0A241A75DE0047C8C3 /* PhotoManager.swift */ = {isa = PBXFileReference; lastKnownFileType = sourcecode.swift; path = PhotoManager.swift; sourceTree = "<group>"; };
		55609622241A489200A923D9 /* UserPhotosViewController.swift */ = {isa = PBXFileReference; lastKnownFileType = sourcecode.swift; path = UserPhotosViewController.swift; sourceTree = "<group>"; };
		55A139BE241272E3001352D0 /* PhotoBrowser.app */ = {isa = PBXFileReference; explicitFileType = wrapper.application; includeInIndex = 0; path = PhotoBrowser.app; sourceTree = BUILT_PRODUCTS_DIR; };
		55A139C1241272E3001352D0 /* AppDelegate.swift */ = {isa = PBXFileReference; lastKnownFileType = sourcecode.swift; path = AppDelegate.swift; sourceTree = "<group>"; };
		55A139C3241272E3001352D0 /* SceneDelegate.swift */ = {isa = PBXFileReference; lastKnownFileType = sourcecode.swift; path = SceneDelegate.swift; sourceTree = "<group>"; };
		55A139C5241272E3001352D0 /* PhotoViewController.swift */ = {isa = PBXFileReference; lastKnownFileType = sourcecode.swift; path = PhotoViewController.swift; sourceTree = "<group>"; };
		55A139C8241272E3001352D0 /* Base */ = {isa = PBXFileReference; lastKnownFileType = file.storyboard; name = Base; path = Base.lproj/Main.storyboard; sourceTree = "<group>"; };
		55A139CA241272E4001352D0 /* Assets.xcassets */ = {isa = PBXFileReference; lastKnownFileType = folder.assetcatalog; path = Assets.xcassets; sourceTree = "<group>"; };
		55A139CD241272E4001352D0 /* Base */ = {isa = PBXFileReference; lastKnownFileType = file.storyboard; name = Base; path = Base.lproj/LaunchScreen.storyboard; sourceTree = "<group>"; };
		55A139CF241272E4001352D0 /* Info.plist */ = {isa = PBXFileReference; lastKnownFileType = text.plist.xml; path = Info.plist; sourceTree = "<group>"; };
		55C68884241B6FC20090974D /* CustomCollectionViewCell.swift */ = {isa = PBXFileReference; lastKnownFileType = sourcecode.swift; path = CustomCollectionViewCell.swift; sourceTree = "<group>"; };
		73977D510F89A1911943D125 /* Pods-PhotoBrowser.debug.xcconfig */ = {isa = PBXFileReference; includeInIndex = 1; lastKnownFileType = text.xcconfig; name = "Pods-PhotoBrowser.debug.xcconfig"; path = "Target Support Files/Pods-PhotoBrowser/Pods-PhotoBrowser.debug.xcconfig"; sourceTree = "<group>"; };
		BC59E3A300BB5F7E13C9FBE3 /* Pods_PhotoBrowser.framework */ = {isa = PBXFileReference; explicitFileType = wrapper.framework; includeInIndex = 0; path = Pods_PhotoBrowser.framework; sourceTree = BUILT_PRODUCTS_DIR; };
		C75EE7F6615F36162DD6B790 /* Pods-PhotoBrowser.release.xcconfig */ = {isa = PBXFileReference; includeInIndex = 1; lastKnownFileType = text.xcconfig; name = "Pods-PhotoBrowser.release.xcconfig"; path = "Target Support Files/Pods-PhotoBrowser/Pods-PhotoBrowser.release.xcconfig"; sourceTree = "<group>"; };
/* End PBXFileReference section */

/* Begin PBXFrameworksBuildPhase section */
		55A139BB241272E3001352D0 /* Frameworks */ = {
			isa = PBXFrameworksBuildPhase;
			buildActionMask = 2147483647;
			files = (
				40C92345C0C0FC019DCD6407 /* Pods_PhotoBrowser.framework in Frameworks */,
			);
			runOnlyForDeploymentPostprocessing = 0;
		};
/* End PBXFrameworksBuildPhase section */

/* Begin PBXGroup section */
		2558E5DDE6763768941059DD /* Pods */ = {
			isa = PBXGroup;
			children = (
				73977D510F89A1911943D125 /* Pods-PhotoBrowser.debug.xcconfig */,
				C75EE7F6615F36162DD6B790 /* Pods-PhotoBrowser.release.xcconfig */,
			);
			path = Pods;
			sourceTree = "<group>";
		};
		40C0684DFB27009B701CA18A /* Frameworks */ = {
			isa = PBXGroup;
			children = (
				BC59E3A300BB5F7E13C9FBE3 /* Pods_PhotoBrowser.framework */,
			);
			name = Frameworks;
			sourceTree = "<group>";
		};
		55A139B5241272E3001352D0 = {
			isa = PBXGroup;
			children = (
				55A139C0241272E3001352D0 /* PhotoBrowser */,
				55A139BF241272E3001352D0 /* Products */,
				2558E5DDE6763768941059DD /* Pods */,
				40C0684DFB27009B701CA18A /* Frameworks */,
			);
			sourceTree = "<group>";
		};
		55A139BF241272E3001352D0 /* Products */ = {
			isa = PBXGroup;
			children = (
				55A139BE241272E3001352D0 /* PhotoBrowser.app */,
			);
			name = Products;
			sourceTree = "<group>";
		};
		55A139C0241272E3001352D0 /* PhotoBrowser */ = {
			isa = PBXGroup;
			children = (
				55C68886241B9F110090974D /* Controllers */,
				55A139D5241272F1001352D0 /* Supporting Files */,
				55A139C7241272E3001352D0 /* Main.storyboard */,
				55A139CA241272E4001352D0 /* Assets.xcassets */,
				55A139CF241272E4001352D0 /* Info.plist */,
				554C9C0A241A75DE0047C8C3 /* PhotoManager.swift */,
				55C68884241B6FC20090974D /* CustomCollectionViewCell.swift */,
			);
			path = PhotoBrowser;
			sourceTree = "<group>";
		};
		55A139D5241272F1001352D0 /* Supporting Files */ = {
			isa = PBXGroup;
			children = (
				55A139C1241272E3001352D0 /* AppDelegate.swift */,
				55A139C3241272E3001352D0 /* SceneDelegate.swift */,
				55A139CC241272E4001352D0 /* LaunchScreen.storyboard */,
			);
			path = "Supporting Files";
			sourceTree = "<group>";
		};
		55C68886241B9F110090974D /* Controllers */ = {
			isa = PBXGroup;
			children = (
				55A139C5241272E3001352D0 /* PhotoViewController.swift */,
				55609622241A489200A923D9 /* UserPhotosViewController.swift */,
			);
			path = Controllers;
			sourceTree = "<group>";
		};
/* End PBXGroup section */

/* Begin PBXNativeTarget section */
		55A139BD241272E3001352D0 /* PhotoBrowser */ = {
			isa = PBXNativeTarget;
			buildConfigurationList = 55A139D2241272E4001352D0 /* Build configuration list for PBXNativeTarget "PhotoBrowser" */;
			buildPhases = (
				7AB210B50E80C7D1A4C655BE /* [CP] Check Pods Manifest.lock */,
				55A139BA241272E3001352D0 /* Sources */,
				55A139BB241272E3001352D0 /* Frameworks */,
				55A139BC241272E3001352D0 /* Resources */,
				E2208C8724F248A2F3963966 /* [CP] Embed Pods Frameworks */,
			);
			buildRules = (
			);
			dependencies = (
			);
			name = PhotoBrowser;
			productName = PhotoBrowser;
			productReference = 55A139BE241272E3001352D0 /* PhotoBrowser.app */;
			productType = "com.apple.product-type.application";
		};
/* End PBXNativeTarget section */

/* Begin PBXProject section */
		55A139B6241272E3001352D0 /* Project object */ = {
			isa = PBXProject;
			attributes = {
				LastSwiftUpdateCheck = 1130;
				LastUpgradeCheck = 1130;
				ORGANIZATIONNAME = "Himalaya Rajput";
				TargetAttributes = {
					55A139BD241272E3001352D0 = {
						CreatedOnToolsVersion = 11.3;
					};
				};
			};
			buildConfigurationList = 55A139B9241272E3001352D0 /* Build configuration list for PBXProject "PhotoBrowser" */;
			compatibilityVersion = "Xcode 9.3";
			developmentRegion = en;
			hasScannedForEncodings = 0;
			knownRegions = (
				en,
				Base,
			);
			mainGroup = 55A139B5241272E3001352D0;
			productRefGroup = 55A139BF241272E3001352D0 /* Products */;
			projectDirPath = "";
			projectRoot = "";
			targets = (
				55A139BD241272E3001352D0 /* PhotoBrowser */,
			);
		};
/* End PBXProject section */

/* Begin PBXResourcesBuildPhase section */
		55A139BC241272E3001352D0 /* Resources */ = {
			isa = PBXResourcesBuildPhase;
			buildActionMask = 2147483647;
			files = (
				55A139CE241272E4001352D0 /* LaunchScreen.storyboard in Resources */,
				55A139CB241272E4001352D0 /* Assets.xcassets in Resources */,
				55A139C9241272E3001352D0 /* Main.storyboard in Resources */,
			);
			runOnlyForDeploymentPostprocessing = 0;
		};
/* End PBXResourcesBuildPhase section */

/* Begin PBXShellScriptBuildPhase section */
		7AB210B50E80C7D1A4C655BE /* [CP] Check Pods Manifest.lock */ = {
			isa = PBXShellScriptBuildPhase;
			buildActionMask = 2147483647;
			files = (
			);
			inputFileListPaths = (
			);
			inputPaths = (
				"${PODS_PODFILE_DIR_PATH}/Podfile.lock",
				"${PODS_ROOT}/Manifest.lock",
			);
			name = "[CP] Check Pods Manifest.lock";
			outputFileListPaths = (
			);
			outputPaths = (
				"$(DERIVED_FILE_DIR)/Pods-PhotoBrowser-checkManifestLockResult.txt",
			);
			runOnlyForDeploymentPostprocessing = 0;
			shellPath = /bin/sh;
			shellScript = "diff \"${PODS_PODFILE_DIR_PATH}/Podfile.lock\" \"${PODS_ROOT}/Manifest.lock\" > /dev/null\nif [ $? != 0 ] ; then\n    # print error to STDERR\n    echo \"error: The sandbox is not in sync with the Podfile.lock. Run 'pod install' or update your CocoaPods installation.\" >&2\n    exit 1\nfi\n# This output is used by Xcode 'outputs' to avoid re-running this script phase.\necho \"SUCCESS\" > \"${SCRIPT_OUTPUT_FILE_0}\"\n";
			showEnvVarsInLog = 0;
		};
		E2208C8724F248A2F3963966 /* [CP] Embed Pods Frameworks */ = {
			isa = PBXShellScriptBuildPhase;
			buildActionMask = 2147483647;
			files = (
			);
			inputFileListPaths = (
				"${PODS_ROOT}/Target Support Files/Pods-PhotoBrowser/Pods-PhotoBrowser-frameworks-${CONFIGURATION}-input-files.xcfilelist",
			);
			name = "[CP] Embed Pods Frameworks";
			outputFileListPaths = (
				"${PODS_ROOT}/Target Support Files/Pods-PhotoBrowser/Pods-PhotoBrowser-frameworks-${CONFIGURATION}-output-files.xcfilelist",
			);
			runOnlyForDeploymentPostprocessing = 0;
			shellPath = /bin/sh;
			shellScript = "\"${PODS_ROOT}/Target Support Files/Pods-PhotoBrowser/Pods-PhotoBrowser-frameworks.sh\"\n";
			showEnvVarsInLog = 0;
		};
/* End PBXShellScriptBuildPhase section */

/* Begin PBXSourcesBuildPhase section */
		55A139BA241272E3001352D0 /* Sources */ = {
			isa = PBXSourcesBuildPhase;
			buildActionMask = 2147483647;
			files = (
				554C9C0B241A75DE0047C8C3 /* PhotoManager.swift in Sources */,
				55C68885241B6FC20090974D /* CustomCollectionViewCell.swift in Sources */,
				55A139C6241272E3001352D0 /* PhotoViewController.swift in Sources */,
				55A139C2241272E3001352D0 /* AppDelegate.swift in Sources */,
				55609623241A489200A923D9 /* UserPhotosViewController.swift in Sources */,
				55A139C4241272E3001352D0 /* SceneDelegate.swift in Sources */,
			);
			runOnlyForDeploymentPostprocessing = 0;
		};
/* End PBXSourcesBuildPhase section */

/* Begin PBXVariantGroup section */
		55A139C7241272E3001352D0 /* Main.storyboard */ = {
			isa = PBXVariantGroup;
			children = (
				55A139C8241272E3001352D0 /* Base */,
			);
			name = Main.storyboard;
			sourceTree = "<group>";
		};
		55A139CC241272E4001352D0 /* LaunchScreen.storyboard */ = {
			isa = PBXVariantGroup;
			children = (
				55A139CD241272E4001352D0 /* Base */,
			);
			name = LaunchScreen.storyboard;
			sourceTree = "<group>";
		};
/* End PBXVariantGroup section */

/* Begin XCBuildConfiguration section */
		55A139D0241272E4001352D0 /* Debug */ = {
			isa = XCBuildConfiguration;
			buildSettings = {
				ALWAYS_SEARCH_USER_PATHS = NO;
				CLANG_ANALYZER_NONNULL = YES;
				CLANG_ANALYZER_NUMBER_OBJECT_CONVERSION = YES_AGGRESSIVE;
				CLANG_CXX_LANGUAGE_STANDARD = "gnu++14";
				CLANG_CXX_LIBRARY = "libc++";
				CLANG_ENABLE_MODULES = YES;
				CLANG_ENABLE_OBJC_ARC = YES;
				CLANG_ENABLE_OBJC_WEAK = YES;
				CLANG_WARN_BLOCK_CAPTURE_AUTORELEASING = YES;
				CLANG_WARN_BOOL_CONVERSION = YES;
				CLANG_WARN_COMMA = YES;
				CLANG_WARN_CONSTANT_CONVERSION = YES;
				CLANG_WARN_DEPRECATED_OBJC_IMPLEMENTATIONS = YES;
				CLANG_WARN_DIRECT_OBJC_ISA_USAGE = YES_ERROR;
				CLANG_WARN_DOCUMENTATION_COMMENTS = YES;
				CLANG_WARN_EMPTY_BODY = YES;
				CLANG_WARN_ENUM_CONVERSION = YES;
				CLANG_WARN_INFINITE_RECURSION = YES;
				CLANG_WARN_INT_CONVERSION = YES;
				CLANG_WARN_NON_LITERAL_NULL_CONVERSION = YES;
				CLANG_WARN_OBJC_IMPLICIT_RETAIN_SELF = YES;
				CLANG_WARN_OBJC_LITERAL_CONVERSION = YES;
				CLANG_WARN_OBJC_ROOT_CLASS = YES_ERROR;
				CLANG_WARN_RANGE_LOOP_ANALYSIS = YES;
				CLANG_WARN_STRICT_PROTOTYPES = YES;
				CLANG_WARN_SUSPICIOUS_MOVE = YES;
				CLANG_WARN_UNGUARDED_AVAILABILITY = YES_AGGRESSIVE;
				CLANG_WARN_UNREACHABLE_CODE = YES;
				CLANG_WARN__DUPLICATE_METHOD_MATCH = YES;
				COPY_PHASE_STRIP = NO;
				DEBUG_INFORMATION_FORMAT = dwarf;
				ENABLE_STRICT_OBJC_MSGSEND = YES;
				ENABLE_TESTABILITY = YES;
				GCC_C_LANGUAGE_STANDARD = gnu11;
				GCC_DYNAMIC_NO_PIC = NO;
				GCC_NO_COMMON_BLOCKS = YES;
				GCC_OPTIMIZATION_LEVEL = 0;
				GCC_PREPROCESSOR_DEFINITIONS = (
					"DEBUG=1",
					"$(inherited)",
				);
				GCC_WARN_64_TO_32_BIT_CONVERSION = YES;
				GCC_WARN_ABOUT_RETURN_TYPE = YES_ERROR;
				GCC_WARN_UNDECLARED_SELECTOR = YES;
				GCC_WARN_UNINITIALIZED_AUTOS = YES_AGGRESSIVE;
				GCC_WARN_UNUSED_FUNCTION = YES;
				GCC_WARN_UNUSED_VARIABLE = YES;
				IPHONEOS_DEPLOYMENT_TARGET = 13.2;
				MTL_ENABLE_DEBUG_INFO = INCLUDE_SOURCE;
				MTL_FAST_MATH = YES;
				ONLY_ACTIVE_ARCH = YES;
				SDKROOT = iphoneos;
				SWIFT_ACTIVE_COMPILATION_CONDITIONS = DEBUG;
				SWIFT_OPTIMIZATION_LEVEL = "-Onone";
			};
			name = Debug;
		};
		55A139D1241272E4001352D0 /* Release */ = {
			isa = XCBuildConfiguration;
			buildSettings = {
				ALWAYS_SEARCH_USER_PATHS = NO;
				CLANG_ANALYZER_NONNULL = YES;
				CLANG_ANALYZER_NUMBER_OBJECT_CONVERSION = YES_AGGRESSIVE;
				CLANG_CXX_LANGUAGE_STANDARD = "gnu++14";
				CLANG_CXX_LIBRARY = "libc++";
				CLANG_ENABLE_MODULES = YES;
				CLANG_ENABLE_OBJC_ARC = YES;
				CLANG_ENABLE_OBJC_WEAK = YES;
				CLANG_WARN_BLOCK_CAPTURE_AUTORELEASING = YES;
				CLANG_WARN_BOOL_CONVERSION = YES;
				CLANG_WARN_COMMA = YES;
				CLANG_WARN_CONSTANT_CONVERSION = YES;
				CLANG_WARN_DEPRECATED_OBJC_IMPLEMENTATIONS = YES;
				CLANG_WARN_DIRECT_OBJC_ISA_USAGE = YES_ERROR;
				CLANG_WARN_DOCUMENTATION_COMMENTS = YES;
				CLANG_WARN_EMPTY_BODY = YES;
				CLANG_WARN_ENUM_CONVERSION = YES;
				CLANG_WARN_INFINITE_RECURSION = YES;
				CLANG_WARN_INT_CONVERSION = YES;
				CLANG_WARN_NON_LITERAL_NULL_CONVERSION = YES;
				CLANG_WARN_OBJC_IMPLICIT_RETAIN_SELF = YES;
				CLANG_WARN_OBJC_LITERAL_CONVERSION = YES;
				CLANG_WARN_OBJC_ROOT_CLASS = YES_ERROR;
				CLANG_WARN_RANGE_LOOP_ANALYSIS = YES;
				CLANG_WARN_STRICT_PROTOTYPES = YES;
				CLANG_WARN_SUSPICIOUS_MOVE = YES;
				CLANG_WARN_UNGUARDED_AVAILABILITY = YES_AGGRESSIVE;
				CLANG_WARN_UNREACHABLE_CODE = YES;
				CLANG_WARN__DUPLICATE_METHOD_MATCH = YES;
				COPY_PHASE_STRIP = NO;
				DEBUG_INFORMATION_FORMAT = "dwarf-with-dsym";
				ENABLE_NS_ASSERTIONS = NO;
				ENABLE_STRICT_OBJC_MSGSEND = YES;
				GCC_C_LANGUAGE_STANDARD = gnu11;
				GCC_NO_COMMON_BLOCKS = YES;
				GCC_WARN_64_TO_32_BIT_CONVERSION = YES;
				GCC_WARN_ABOUT_RETURN_TYPE = YES_ERROR;
				GCC_WARN_UNDECLARED_SELECTOR = YES;
				GCC_WARN_UNINITIALIZED_AUTOS = YES_AGGRESSIVE;
				GCC_WARN_UNUSED_FUNCTION = YES;
				GCC_WARN_UNUSED_VARIABLE = YES;
				IPHONEOS_DEPLOYMENT_TARGET = 13.2;
				MTL_ENABLE_DEBUG_INFO = NO;
				MTL_FAST_MATH = YES;
				SDKROOT = iphoneos;
				SWIFT_COMPILATION_MODE = wholemodule;
				SWIFT_OPTIMIZATION_LEVEL = "-O";
				VALIDATE_PRODUCT = YES;
			};
			name = Release;
		};
		55A139D3241272E4001352D0 /* Debug */ = {
			isa = XCBuildConfiguration;
			baseConfigurationReference = 73977D510F89A1911943D125 /* Pods-PhotoBrowser.debug.xcconfig */;
			buildSettings = {
				ASSETCATALOG_COMPILER_APPICON_NAME = AppIcon;
				CODE_SIGN_STYLE = Automatic;
				INFOPLIST_FILE = PhotoBrowser/Info.plist;
				LD_RUNPATH_SEARCH_PATHS = (
					"$(inherited)",
					"@executable_path/Frameworks",
				);
				PRODUCT_BUNDLE_IDENTIFIER = vinsol.PhotoBrowser;
				PRODUCT_NAME = "$(TARGET_NAME)";
				SWIFT_VERSION = 5.0;
				TARGETED_DEVICE_FAMILY = "1,2";
			};
			name = Debug;
		};
		55A139D4241272E4001352D0 /* Release */ = {
			isa = XCBuildConfiguration;
			baseConfigurationReference = C75EE7F6615F36162DD6B790 /* Pods-PhotoBrowser.release.xcconfig */;
			buildSettings = {
				ASSETCATALOG_COMPILER_APPICON_NAME = AppIcon;
				CODE_SIGN_STYLE = Automatic;
				INFOPLIST_FILE = PhotoBrowser/Info.plist;
				LD_RUNPATH_SEARCH_PATHS = (
					"$(inherited)",
					"@executable_path/Frameworks",
				);
				PRODUCT_BUNDLE_IDENTIFIER = vinsol.PhotoBrowser;
				PRODUCT_NAME = "$(TARGET_NAME)";
				SWIFT_VERSION = 5.0;
				TARGETED_DEVICE_FAMILY = "1,2";
			};
			name = Release;
		};
/* End XCBuildConfiguration section */

/* Begin XCConfigurationList section */
		55A139B9241272E3001352D0 /* Build configuration list for PBXProject "PhotoBrowser" */ = {
			isa = XCConfigurationList;
			buildConfigurations = (
				55A139D0241272E4001352D0 /* Debug */,
				55A139D1241272E4001352D0 /* Release */,
			);
			defaultConfigurationIsVisible = 0;
			defaultConfigurationName = Release;
		};
		55A139D2241272E4001352D0 /* Build configuration list for PBXNativeTarget "PhotoBrowser" */ = {
			isa = XCConfigurationList;
			buildConfigurations = (
				55A139D3241272E4001352D0 /* Debug */,
				55A139D4241272E4001352D0 /* Release */,
			);
			defaultConfigurationIsVisible = 0;
			defaultConfigurationName = Release;
		};
/* End XCConfigurationList section */
	};
	rootObject = 55A139B6241272E3001352D0 /* Project object */;
}
